
Microsoft Visual Studio Solution File, Format Version 12.00
# Visual Studio Version 17
VisualStudioVersion = 17.7.34024.191
MinimumVisualStudioVersion = 10.0.40219.1
Project("{FAE04EC0-301F-11D3-BF4B-00C04F79EFBC}") = "StarPattarn2", "StarPattarn2.csproj", "{0074CF71-9D4A-4C73-B7E8-C73D70B622CE}"
EndProject
Global
	GlobalSection(SolutionConfigurationPlatforms) = preSolution
		Debug|Any CPU = Debug|Any CPU
		Release|Any CPU = Release|Any CPU
	EndGlobalSection
	GlobalSection(ProjectConfigurationPlatforms) = postSolution
		{0074CF71-9D4A-4C73-B7E8-C73D70B622CE}.Debug|Any CPU.ActiveCfg = Debug|Any CPU
		{0074CF71-9D4A-4C73-B7E8-C73D70B622CE}.Debug|Any CPU.Build.0 = Debug|Any CPU
		{0074CF71-9D4A-4C73-B7E8-C73D70B622CE}.Release|Any CPU.ActiveCfg = Release|Any CPU
		{0074CF71-9D4A-4C73-B7E8-C73D70B622CE}.Release|Any CPU.Build.0 = Release|Any CPU
	EndGlobalSection
	GlobalSection(SolutionProperties) = preSolution
		HideSolutionNode = FALSE
	EndGlobalSection
	GlobalSection(ExtensibilityGlobals) = postSolution
		SolutionGuid = {59FFA85E-EFC4-4AB8-996A-7FAB1347850D}
	EndGlobalSection
EndGlobal
